
Microsoft Visual Studio Solution File, Format Version 12.00
# Visual Studio Version 16
VisualStudioVersion = 16.0.28803.156
MinimumVisualStudioVersion = 10.0.40219.1
Project("{FAE04EC0-301F-11D3-BF4B-00C04F79EFBC}") = "ABC002", "ABC002\ABC002.csproj", "{D9EB7D4E-1D10-4110-AB09-5549410710FD}"
EndProject
Project("{FAE04EC0-301F-11D3-BF4B-00C04F79EFBC}") = "ABC002A", "ABC002A\ABC002A.csproj", "{05C9B6E2-45C7-4A26-850F-A94FAF0C56BE}"
EndProject
Project("{FAE04EC0-301F-11D3-BF4B-00C04F79EFBC}") = "ABC002B", "ABC002B\ABC002B.csproj", "{034EEF19-F6F0-45EB-BF4E-E78E717715C7}"
EndProject
Project("{FAE04EC0-301F-11D3-BF4B-00C04F79EFBC}") = "ABC002C", "ABC002C\ABC002C.csproj", "{FBC50D88-8BCF-47B3-A0B8-AFB82D958BD1}"
EndProject
Project("{FAE04EC0-301F-11D3-BF4B-00C04F79EFBC}") = "ABC002D", "ABC002D\ABC002D.csproj", "{75831324-4E09-4873-B119-2DB86049AC59}"
EndProject
Global
	GlobalSection(SolutionConfigurationPlatforms) = preSolution
		Debug|Any CPU = Debug|Any CPU
		Release|Any CPU = Release|Any CPU
	EndGlobalSection
	GlobalSection(ProjectConfigurationPlatforms) = postSolution
		{D9EB7D4E-1D10-4110-AB09-5549410710FD}.Debug|Any CPU.ActiveCfg = Debug|Any CPU
		{D9EB7D4E-1D10-4110-AB09-5549410710FD}.Debug|Any CPU.Build.0 = Debug|Any CPU
		{D9EB7D4E-1D10-4110-AB09-5549410710FD}.Release|Any CPU.ActiveCfg = Release|Any CPU
		{D9EB7D4E-1D10-4110-AB09-5549410710FD}.Release|Any CPU.Build.0 = Release|Any CPU
		{05C9B6E2-45C7-4A26-850F-A94FAF0C56BE}.Debug|Any CPU.ActiveCfg = Debug|Any CPU
		{05C9B6E2-45C7-4A26-850F-A94FAF0C56BE}.Debug|Any CPU.Build.0 = Debug|Any CPU
		{05C9B6E2-45C7-4A26-850F-A94FAF0C56BE}.Release|Any CPU.ActiveCfg = Release|Any CPU
		{05C9B6E2-45C7-4A26-850F-A94FAF0C56BE}.Release|Any CPU.Build.0 = Release|Any CPU
		{034EEF19-F6F0-45EB-BF4E-E78E717715C7}.Debug|Any CPU.ActiveCfg = Debug|Any CPU
		{034EEF19-F6F0-45EB-BF4E-E78E717715C7}.Debug|Any CPU.Build.0 = Debug|Any CPU
		{034EEF19-F6F0-45EB-BF4E-E78E717715C7}.Release|Any CPU.ActiveCfg = Release|Any CPU
		{034EEF19-F6F0-45EB-BF4E-E78E717715C7}.Release|Any CPU.Build.0 = Release|Any CPU
		{FBC50D88-8BCF-47B3-A0B8-AFB82D958BD1}.Debug|Any CPU.ActiveCfg = Debug|Any CPU
		{FBC50D88-8BCF-47B3-A0B8-AFB82D958BD1}.Debug|Any CPU.Build.0 = Debug|Any CPU
		{FBC50D88-8BCF-47B3-A0B8-AFB82D958BD1}.Release|Any CPU.ActiveCfg = Release|Any CPU
		{FBC50D88-8BCF-47B3-A0B8-AFB82D958BD1}.Release|Any CPU.Build.0 = Release|Any CPU
		{75831324-4E09-4873-B119-2DB86049AC59}.Debug|Any CPU.ActiveCfg = Debug|Any CPU
		{75831324-4E09-4873-B119-2DB86049AC59}.Debug|Any CPU.Build.0 = Debug|Any CPU
		{75831324-4E09-4873-B119-2DB86049AC59}.Release|Any CPU.ActiveCfg = Release|Any CPU
		{75831324-4E09-4873-B119-2DB86049AC59}.Release|Any CPU.Build.0 = Release|Any CPU
	EndGlobalSection
	GlobalSection(SolutionProperties) = preSolution
		HideSolutionNode = FALSE
	EndGlobalSection
	GlobalSection(ExtensibilityGlobals) = postSolution
		SolutionGuid = {53C31694-4829-4F77-8640-081714AEBEA4}
	EndGlobalSection
EndGlobal
