
Microsoft Visual Studio Solution File, Format Version 12.00
# Visual Studio 15
VisualStudioVersion = 15.0.28010.2050
MinimumVisualStudioVersion = 10.0.40219.1
Project("{FAE04EC0-301F-11D3-BF4B-00C04F79EFBC}") = "ABC001A", "ABC001A\ABC001A.csproj", "{C163FF1B-3F39-4B0C-B0BA-F2D5D6CF5E58}"
EndProject
Global
	GlobalSection(SolutionConfigurationPlatforms) = preSolution
		Debug|Any CPU = Debug|Any CPU
		Release|Any CPU = Release|Any CPU
	EndGlobalSection
	GlobalSection(ProjectConfigurationPlatforms) = postSolution
		{C163FF1B-3F39-4B0C-B0BA-F2D5D6CF5E58}.Debug|Any CPU.ActiveCfg = Debug|Any CPU
		{C163FF1B-3F39-4B0C-B0BA-F2D5D6CF5E58}.Debug|Any CPU.Build.0 = Debug|Any CPU
		{C163FF1B-3F39-4B0C-B0BA-F2D5D6CF5E58}.Release|Any CPU.ActiveCfg = Release|Any CPU
		{C163FF1B-3F39-4B0C-B0BA-F2D5D6CF5E58}.Release|Any CPU.Build.0 = Release|Any CPU
	EndGlobalSection
	GlobalSection(SolutionProperties) = preSolution
		HideSolutionNode = FALSE
	EndGlobalSection
	GlobalSection(ExtensibilityGlobals) = postSolution
		SolutionGuid = {4E85A8D7-39C8-44DA-994A-82C0E3931BBA}
	EndGlobalSection
EndGlobal
