
Microsoft Visual Studio Solution File, Format Version 12.00
# Visual Studio Version 16
VisualStudioVersion = 16.0.28803.156
MinimumVisualStudioVersion = 10.0.40219.1
Project("{FAE04EC0-301F-11D3-BF4B-00C04F79EFBC}") = "ABC005", "ABC005\ABC005.csproj", "{E3FCCE70-8132-41BD-91D1-237DA992F841}"
EndProject
Project("{FAE04EC0-301F-11D3-BF4B-00C04F79EFBC}") = "ABC005A", "ABC005A\ABC005A.csproj", "{1E8E7B67-81B1-4F45-A52B-DA5C635FBFBF}"
EndProject
Project("{FAE04EC0-301F-11D3-BF4B-00C04F79EFBC}") = "ABC005B", "ABC005B\ABC005B.csproj", "{61F27684-E9F8-43A9-AAEB-53ADCF09B293}"
EndProject
Project("{FAE04EC0-301F-11D3-BF4B-00C04F79EFBC}") = "ABC005C", "ABC005C\ABC005C.csproj", "{102E0F8A-113A-4C78-A44C-5E785BEFCCDF}"
EndProject
Global
	GlobalSection(SolutionConfigurationPlatforms) = preSolution
		Debug|Any CPU = Debug|Any CPU
		Release|Any CPU = Release|Any CPU
	EndGlobalSection
	GlobalSection(ProjectConfigurationPlatforms) = postSolution
		{E3FCCE70-8132-41BD-91D1-237DA992F841}.Debug|Any CPU.ActiveCfg = Debug|Any CPU
		{E3FCCE70-8132-41BD-91D1-237DA992F841}.Debug|Any CPU.Build.0 = Debug|Any CPU
		{E3FCCE70-8132-41BD-91D1-237DA992F841}.Release|Any CPU.ActiveCfg = Release|Any CPU
		{E3FCCE70-8132-41BD-91D1-237DA992F841}.Release|Any CPU.Build.0 = Release|Any CPU
		{1E8E7B67-81B1-4F45-A52B-DA5C635FBFBF}.Debug|Any CPU.ActiveCfg = Debug|Any CPU
		{1E8E7B67-81B1-4F45-A52B-DA5C635FBFBF}.Debug|Any CPU.Build.0 = Debug|Any CPU
		{1E8E7B67-81B1-4F45-A52B-DA5C635FBFBF}.Release|Any CPU.ActiveCfg = Release|Any CPU
		{1E8E7B67-81B1-4F45-A52B-DA5C635FBFBF}.Release|Any CPU.Build.0 = Release|Any CPU
		{61F27684-E9F8-43A9-AAEB-53ADCF09B293}.Debug|Any CPU.ActiveCfg = Debug|Any CPU
		{61F27684-E9F8-43A9-AAEB-53ADCF09B293}.Debug|Any CPU.Build.0 = Debug|Any CPU
		{61F27684-E9F8-43A9-AAEB-53ADCF09B293}.Release|Any CPU.ActiveCfg = Release|Any CPU
		{61F27684-E9F8-43A9-AAEB-53ADCF09B293}.Release|Any CPU.Build.0 = Release|Any CPU
		{102E0F8A-113A-4C78-A44C-5E785BEFCCDF}.Debug|Any CPU.ActiveCfg = Debug|Any CPU
		{102E0F8A-113A-4C78-A44C-5E785BEFCCDF}.Debug|Any CPU.Build.0 = Debug|Any CPU
		{102E0F8A-113A-4C78-A44C-5E785BEFCCDF}.Release|Any CPU.ActiveCfg = Release|Any CPU
		{102E0F8A-113A-4C78-A44C-5E785BEFCCDF}.Release|Any CPU.Build.0 = Release|Any CPU
	EndGlobalSection
	GlobalSection(SolutionProperties) = preSolution
		HideSolutionNode = FALSE
	EndGlobalSection
	GlobalSection(ExtensibilityGlobals) = postSolution
		SolutionGuid = {6F8477D9-077B-4098-8E51-116CBCD8B7E3}
	EndGlobalSection
EndGlobal
