
Microsoft Visual Studio Solution File, Format Version 12.00
# Visual Studio Version 16
VisualStudioVersion = 16.0.28803.156
MinimumVisualStudioVersion = 10.0.40219.1
Project("{9A19103F-16F7-4668-BE54-9A1E7A4F7556}") = "ABC123", "ABC123\ABC123.csproj", "{9D0F4501-D0C1-4A5D-94C0-6CB3293FF3A8}"
EndProject
Project("{9A19103F-16F7-4668-BE54-9A1E7A4F7556}") = "ABC123A", "ABC123A\ABC123A.csproj", "{04E1E052-643C-42DC-817F-6373E31342BE}"
EndProject
Project("{FAE04EC0-301F-11D3-BF4B-00C04F79EFBC}") = "ABC123B", "ABC123B\ABC123B.csproj", "{F27670B3-4828-4671-8B3A-94AE68D6E4D2}"
EndProject
Project("{FAE04EC0-301F-11D3-BF4B-00C04F79EFBC}") = "ABC123C", "ABC123C\ABC123C.csproj", "{7FD15910-0CF2-4C04-9479-170A44D3F7D0}"
EndProject
Global
	GlobalSection(SolutionConfigurationPlatforms) = preSolution
		Debug|Any CPU = Debug|Any CPU
		Release|Any CPU = Release|Any CPU
	EndGlobalSection
	GlobalSection(ProjectConfigurationPlatforms) = postSolution
		{9D0F4501-D0C1-4A5D-94C0-6CB3293FF3A8}.Debug|Any CPU.ActiveCfg = Debug|Any CPU
		{9D0F4501-D0C1-4A5D-94C0-6CB3293FF3A8}.Debug|Any CPU.Build.0 = Debug|Any CPU
		{9D0F4501-D0C1-4A5D-94C0-6CB3293FF3A8}.Release|Any CPU.ActiveCfg = Release|Any CPU
		{9D0F4501-D0C1-4A5D-94C0-6CB3293FF3A8}.Release|Any CPU.Build.0 = Release|Any CPU
		{04E1E052-643C-42DC-817F-6373E31342BE}.Debug|Any CPU.ActiveCfg = Debug|Any CPU
		{04E1E052-643C-42DC-817F-6373E31342BE}.Debug|Any CPU.Build.0 = Debug|Any CPU
		{04E1E052-643C-42DC-817F-6373E31342BE}.Release|Any CPU.ActiveCfg = Release|Any CPU
		{04E1E052-643C-42DC-817F-6373E31342BE}.Release|Any CPU.Build.0 = Release|Any CPU
		{F27670B3-4828-4671-8B3A-94AE68D6E4D2}.Debug|Any CPU.ActiveCfg = Debug|Any CPU
		{F27670B3-4828-4671-8B3A-94AE68D6E4D2}.Debug|Any CPU.Build.0 = Debug|Any CPU
		{F27670B3-4828-4671-8B3A-94AE68D6E4D2}.Release|Any CPU.ActiveCfg = Release|Any CPU
		{F27670B3-4828-4671-8B3A-94AE68D6E4D2}.Release|Any CPU.Build.0 = Release|Any CPU
		{7FD15910-0CF2-4C04-9479-170A44D3F7D0}.Debug|Any CPU.ActiveCfg = Debug|Any CPU
		{7FD15910-0CF2-4C04-9479-170A44D3F7D0}.Debug|Any CPU.Build.0 = Debug|Any CPU
		{7FD15910-0CF2-4C04-9479-170A44D3F7D0}.Release|Any CPU.ActiveCfg = Release|Any CPU
		{7FD15910-0CF2-4C04-9479-170A44D3F7D0}.Release|Any CPU.Build.0 = Release|Any CPU
	EndGlobalSection
	GlobalSection(SolutionProperties) = preSolution
		HideSolutionNode = FALSE
	EndGlobalSection
	GlobalSection(ExtensibilityGlobals) = postSolution
		SolutionGuid = {116CBD98-3BB7-42C0-9B34-2557013D8865}
	EndGlobalSection
EndGlobal
