
Microsoft Visual Studio Solution File, Format Version 12.00
# Visual Studio Version 16
VisualStudioVersion = 16.0.28803.156
MinimumVisualStudioVersion = 10.0.40219.1
Project("{FAE04EC0-301F-11D3-BF4B-00C04F79EFBC}") = "ABC120", "ABC120\ABC120.csproj", "{D2C8B253-BF06-4596-9313-6013CD16B458}"
EndProject
Global
	GlobalSection(SolutionConfigurationPlatforms) = preSolution
		Debug|Any CPU = Debug|Any CPU
		Release|Any CPU = Release|Any CPU
	EndGlobalSection
	GlobalSection(ProjectConfigurationPlatforms) = postSolution
		{D2C8B253-BF06-4596-9313-6013CD16B458}.Debug|Any CPU.ActiveCfg = Debug|Any CPU
		{D2C8B253-BF06-4596-9313-6013CD16B458}.Debug|Any CPU.Build.0 = Debug|Any CPU
		{D2C8B253-BF06-4596-9313-6013CD16B458}.Release|Any CPU.ActiveCfg = Release|Any CPU
		{D2C8B253-BF06-4596-9313-6013CD16B458}.Release|Any CPU.Build.0 = Release|Any CPU
	EndGlobalSection
	GlobalSection(SolutionProperties) = preSolution
		HideSolutionNode = FALSE
	EndGlobalSection
	GlobalSection(ExtensibilityGlobals) = postSolution
		SolutionGuid = {917C179A-4B5D-4740-B33A-079CF00B4E5F}
	EndGlobalSection
EndGlobal
