
Microsoft Visual Studio Solution File, Format Version 12.00
# Visual Studio Version 16
VisualStudioVersion = 16.0.28803.156
MinimumVisualStudioVersion = 10.0.40219.1
Project("{FAE04EC0-301F-11D3-BF4B-00C04F79EFBC}") = "ABC120", "ABC120\ABC120.csproj", "{D2C8B253-BF06-4596-9313-6013CD16B458}"
EndProject
Project("{FAE04EC0-301F-11D3-BF4B-00C04F79EFBC}") = "ABC120A", "ABC120A\ABC120A.csproj", "{420B58D3-1A14-4595-B0D5-8E76C8858389}"
EndProject
Project("{FAE04EC0-301F-11D3-BF4B-00C04F79EFBC}") = "ABC120B", "ABC120B\ABC120B.csproj", "{FC76CCCA-BE6C-4EEC-87B7-60DE2FB12232}"
EndProject
Project("{FAE04EC0-301F-11D3-BF4B-00C04F79EFBC}") = "ABC120C", "ABC120C\ABC120C.csproj", "{B6309BE4-D6F9-43AC-A7A1-C6121822D9C2}"
EndProject
Global
	GlobalSection(SolutionConfigurationPlatforms) = preSolution
		Debug|Any CPU = Debug|Any CPU
		Release|Any CPU = Release|Any CPU
	EndGlobalSection
	GlobalSection(ProjectConfigurationPlatforms) = postSolution
		{D2C8B253-BF06-4596-9313-6013CD16B458}.Debug|Any CPU.ActiveCfg = Debug|Any CPU
		{D2C8B253-BF06-4596-9313-6013CD16B458}.Debug|Any CPU.Build.0 = Debug|Any CPU
		{D2C8B253-BF06-4596-9313-6013CD16B458}.Release|Any CPU.ActiveCfg = Release|Any CPU
		{D2C8B253-BF06-4596-9313-6013CD16B458}.Release|Any CPU.Build.0 = Release|Any CPU
		{420B58D3-1A14-4595-B0D5-8E76C8858389}.Debug|Any CPU.ActiveCfg = Debug|Any CPU
		{420B58D3-1A14-4595-B0D5-8E76C8858389}.Debug|Any CPU.Build.0 = Debug|Any CPU
		{420B58D3-1A14-4595-B0D5-8E76C8858389}.Release|Any CPU.ActiveCfg = Release|Any CPU
		{420B58D3-1A14-4595-B0D5-8E76C8858389}.Release|Any CPU.Build.0 = Release|Any CPU
		{FC76CCCA-BE6C-4EEC-87B7-60DE2FB12232}.Debug|Any CPU.ActiveCfg = Debug|Any CPU
		{FC76CCCA-BE6C-4EEC-87B7-60DE2FB12232}.Debug|Any CPU.Build.0 = Debug|Any CPU
		{FC76CCCA-BE6C-4EEC-87B7-60DE2FB12232}.Release|Any CPU.ActiveCfg = Release|Any CPU
		{FC76CCCA-BE6C-4EEC-87B7-60DE2FB12232}.Release|Any CPU.Build.0 = Release|Any CPU
		{B6309BE4-D6F9-43AC-A7A1-C6121822D9C2}.Debug|Any CPU.ActiveCfg = Debug|Any CPU
		{B6309BE4-D6F9-43AC-A7A1-C6121822D9C2}.Debug|Any CPU.Build.0 = Debug|Any CPU
		{B6309BE4-D6F9-43AC-A7A1-C6121822D9C2}.Release|Any CPU.ActiveCfg = Release|Any CPU
		{B6309BE4-D6F9-43AC-A7A1-C6121822D9C2}.Release|Any CPU.Build.0 = Release|Any CPU
	EndGlobalSection
	GlobalSection(SolutionProperties) = preSolution
		HideSolutionNode = FALSE
	EndGlobalSection
	GlobalSection(ExtensibilityGlobals) = postSolution
		SolutionGuid = {917C179A-4B5D-4740-B33A-079CF00B4E5F}
	EndGlobalSection
EndGlobal
