
Microsoft Visual Studio Solution File, Format Version 12.00
# Visual Studio Version 16
VisualStudioVersion = 16.0.28803.156
MinimumVisualStudioVersion = 10.0.40219.1
Project("{9A19103F-16F7-4668-BE54-9A1E7A4F7556}") = "ABC008", "ABC008\ABC008.csproj", "{4C722311-3C06-41F5-96B1-13245EBCAE0C}"
EndProject
Project("{9A19103F-16F7-4668-BE54-9A1E7A4F7556}") = "ABC008A", "ABC008A\ABC008A.csproj", "{5B8A521C-8EC2-4F73-A05D-B698D129C52D}"
EndProject
Project("{9A19103F-16F7-4668-BE54-9A1E7A4F7556}") = "ABC008B", "ABC008B\ABC008B.csproj", "{BB1774B4-CC52-486D-A871-A9238A489556}"
EndProject
Project("{FAE04EC0-301F-11D3-BF4B-00C04F79EFBC}") = "ABC008C", "ABC008C\ABC008C.csproj", "{9218F32A-9518-4C8E-90D1-3BD51B57A3A9}"
EndProject
Global
	GlobalSection(SolutionConfigurationPlatforms) = preSolution
		Debug|Any CPU = Debug|Any CPU
		Release|Any CPU = Release|Any CPU
	EndGlobalSection
	GlobalSection(ProjectConfigurationPlatforms) = postSolution
		{4C722311-3C06-41F5-96B1-13245EBCAE0C}.Debug|Any CPU.ActiveCfg = Debug|Any CPU
		{4C722311-3C06-41F5-96B1-13245EBCAE0C}.Debug|Any CPU.Build.0 = Debug|Any CPU
		{4C722311-3C06-41F5-96B1-13245EBCAE0C}.Release|Any CPU.ActiveCfg = Release|Any CPU
		{4C722311-3C06-41F5-96B1-13245EBCAE0C}.Release|Any CPU.Build.0 = Release|Any CPU
		{5B8A521C-8EC2-4F73-A05D-B698D129C52D}.Debug|Any CPU.ActiveCfg = Debug|Any CPU
		{5B8A521C-8EC2-4F73-A05D-B698D129C52D}.Debug|Any CPU.Build.0 = Debug|Any CPU
		{5B8A521C-8EC2-4F73-A05D-B698D129C52D}.Release|Any CPU.ActiveCfg = Release|Any CPU
		{5B8A521C-8EC2-4F73-A05D-B698D129C52D}.Release|Any CPU.Build.0 = Release|Any CPU
		{BB1774B4-CC52-486D-A871-A9238A489556}.Debug|Any CPU.ActiveCfg = Debug|Any CPU
		{BB1774B4-CC52-486D-A871-A9238A489556}.Debug|Any CPU.Build.0 = Debug|Any CPU
		{BB1774B4-CC52-486D-A871-A9238A489556}.Release|Any CPU.ActiveCfg = Release|Any CPU
		{BB1774B4-CC52-486D-A871-A9238A489556}.Release|Any CPU.Build.0 = Release|Any CPU
		{9218F32A-9518-4C8E-90D1-3BD51B57A3A9}.Debug|Any CPU.ActiveCfg = Debug|Any CPU
		{9218F32A-9518-4C8E-90D1-3BD51B57A3A9}.Debug|Any CPU.Build.0 = Debug|Any CPU
		{9218F32A-9518-4C8E-90D1-3BD51B57A3A9}.Release|Any CPU.ActiveCfg = Release|Any CPU
		{9218F32A-9518-4C8E-90D1-3BD51B57A3A9}.Release|Any CPU.Build.0 = Release|Any CPU
	EndGlobalSection
	GlobalSection(SolutionProperties) = preSolution
		HideSolutionNode = FALSE
	EndGlobalSection
	GlobalSection(ExtensibilityGlobals) = postSolution
		SolutionGuid = {FBD7422C-587C-4144-8F5D-51FEC70C6C5C}
	EndGlobalSection
EndGlobal
