
Microsoft Visual Studio Solution File, Format Version 12.00
# Visual Studio Version 16
VisualStudioVersion = 16.0.28803.156
MinimumVisualStudioVersion = 10.0.40219.1
Project("{FAE04EC0-301F-11D3-BF4B-00C04F79EFBC}") = "ABC124", "ABC124\ABC124.csproj", "{F49B6331-3BFB-4C3D-B211-B60833532A02}"
EndProject
Project("{FAE04EC0-301F-11D3-BF4B-00C04F79EFBC}") = "ABC124A", "ABC124A\ABC124A.csproj", "{898912C4-E93F-42A7-894A-D78C929C586D}"
EndProject
Global
	GlobalSection(SolutionConfigurationPlatforms) = preSolution
		Debug|Any CPU = Debug|Any CPU
		Release|Any CPU = Release|Any CPU
	EndGlobalSection
	GlobalSection(ProjectConfigurationPlatforms) = postSolution
		{F49B6331-3BFB-4C3D-B211-B60833532A02}.Debug|Any CPU.ActiveCfg = Debug|Any CPU
		{F49B6331-3BFB-4C3D-B211-B60833532A02}.Debug|Any CPU.Build.0 = Debug|Any CPU
		{F49B6331-3BFB-4C3D-B211-B60833532A02}.Release|Any CPU.ActiveCfg = Release|Any CPU
		{F49B6331-3BFB-4C3D-B211-B60833532A02}.Release|Any CPU.Build.0 = Release|Any CPU
		{898912C4-E93F-42A7-894A-D78C929C586D}.Debug|Any CPU.ActiveCfg = Debug|Any CPU
		{898912C4-E93F-42A7-894A-D78C929C586D}.Debug|Any CPU.Build.0 = Debug|Any CPU
		{898912C4-E93F-42A7-894A-D78C929C586D}.Release|Any CPU.ActiveCfg = Release|Any CPU
		{898912C4-E93F-42A7-894A-D78C929C586D}.Release|Any CPU.Build.0 = Release|Any CPU
	EndGlobalSection
	GlobalSection(SolutionProperties) = preSolution
		HideSolutionNode = FALSE
	EndGlobalSection
	GlobalSection(ExtensibilityGlobals) = postSolution
		SolutionGuid = {ECC39692-84F4-46C6-9463-6089BF278DD6}
	EndGlobalSection
EndGlobal
