
Microsoft Visual Studio Solution File, Format Version 12.00
# Visual Studio Version 16
VisualStudioVersion = 16.0.28803.156
MinimumVisualStudioVersion = 10.0.40219.1
Project("{FAE04EC0-301F-11D3-BF4B-00C04F79EFBC}") = "ABC004", "ABC004\ABC004.csproj", "{3381C1B8-5823-4214-A066-C51106C42057}"
EndProject
Global
	GlobalSection(SolutionConfigurationPlatforms) = preSolution
		Debug|Any CPU = Debug|Any CPU
		Release|Any CPU = Release|Any CPU
	EndGlobalSection
	GlobalSection(ProjectConfigurationPlatforms) = postSolution
		{3381C1B8-5823-4214-A066-C51106C42057}.Debug|Any CPU.ActiveCfg = Debug|Any CPU
		{3381C1B8-5823-4214-A066-C51106C42057}.Debug|Any CPU.Build.0 = Debug|Any CPU
		{3381C1B8-5823-4214-A066-C51106C42057}.Release|Any CPU.ActiveCfg = Release|Any CPU
		{3381C1B8-5823-4214-A066-C51106C42057}.Release|Any CPU.Build.0 = Release|Any CPU
	EndGlobalSection
	GlobalSection(SolutionProperties) = preSolution
		HideSolutionNode = FALSE
	EndGlobalSection
	GlobalSection(ExtensibilityGlobals) = postSolution
		SolutionGuid = {FCFD9A09-2E44-4062-A760-EB5E54C23110}
	EndGlobalSection
EndGlobal
